
Microsoft Visual Studio Solution File, Format Version 12.00
# Visual Studio 15
VisualStudioVersion = 15.0.26124.0
MinimumVisualStudioVersion = 15.0.26124.0
Project("{FAE04EC0-301F-11D3-BF4B-00C04F79EFBC}") = "sne", "src\sne.csproj", "{F825732D-DB10-4843-800B-1D5167BF1CE0}"
EndProject
Project("{FAE04EC0-301F-11D3-BF4B-00C04F79EFBC}") = "test", "test\test.csproj", "{05DEE383-5CD5-403B-8379-E1090A75558C}"
EndProject
Project("{2150E333-8FDC-42A3-9474-1A3956D46DE8}") = "example", "example", "{E70D5227-C69C-4DCA-AA29-581B91B4E943}"
EndProject
Project("{FAE04EC0-301F-11D3-BF4B-00C04F79EFBC}") = "echo", "example\echo\echo.csproj", "{6FA6CEA9-908A-42BF-AE9C-2A2CD89C2D07}"
EndProject
Global
	GlobalSection(SolutionConfigurationPlatforms) = preSolution
		Debug|Any CPU = Debug|Any CPU
		Debug|x64 = Debug|x64
		Debug|x86 = Debug|x86
		Release|Any CPU = Release|Any CPU
		Release|x64 = Release|x64
		Release|x86 = Release|x86
	EndGlobalSection
	GlobalSection(SolutionProperties) = preSolution
		HideSolutionNode = FALSE
	EndGlobalSection
	GlobalSection(ProjectConfigurationPlatforms) = postSolution
		{F825732D-DB10-4843-800B-1D5167BF1CE0}.Debug|Any CPU.ActiveCfg = Debug|Any CPU
		{F825732D-DB10-4843-800B-1D5167BF1CE0}.Debug|Any CPU.Build.0 = Debug|Any CPU
		{F825732D-DB10-4843-800B-1D5167BF1CE0}.Debug|x64.ActiveCfg = Debug|Any CPU
		{F825732D-DB10-4843-800B-1D5167BF1CE0}.Debug|x64.Build.0 = Debug|Any CPU
		{F825732D-DB10-4843-800B-1D5167BF1CE0}.Debug|x86.ActiveCfg = Debug|Any CPU
		{F825732D-DB10-4843-800B-1D5167BF1CE0}.Debug|x86.Build.0 = Debug|Any CPU
		{F825732D-DB10-4843-800B-1D5167BF1CE0}.Release|Any CPU.ActiveCfg = Release|Any CPU
		{F825732D-DB10-4843-800B-1D5167BF1CE0}.Release|Any CPU.Build.0 = Release|Any CPU
		{F825732D-DB10-4843-800B-1D5167BF1CE0}.Release|x64.ActiveCfg = Release|Any CPU
		{F825732D-DB10-4843-800B-1D5167BF1CE0}.Release|x64.Build.0 = Release|Any CPU
		{F825732D-DB10-4843-800B-1D5167BF1CE0}.Release|x86.ActiveCfg = Release|Any CPU
		{F825732D-DB10-4843-800B-1D5167BF1CE0}.Release|x86.Build.0 = Release|Any CPU
		{05DEE383-5CD5-403B-8379-E1090A75558C}.Debug|Any CPU.ActiveCfg = Debug|Any CPU
		{05DEE383-5CD5-403B-8379-E1090A75558C}.Debug|Any CPU.Build.0 = Debug|Any CPU
		{05DEE383-5CD5-403B-8379-E1090A75558C}.Debug|x64.ActiveCfg = Debug|Any CPU
		{05DEE383-5CD5-403B-8379-E1090A75558C}.Debug|x64.Build.0 = Debug|Any CPU
		{05DEE383-5CD5-403B-8379-E1090A75558C}.Debug|x86.ActiveCfg = Debug|Any CPU
		{05DEE383-5CD5-403B-8379-E1090A75558C}.Debug|x86.Build.0 = Debug|Any CPU
		{05DEE383-5CD5-403B-8379-E1090A75558C}.Release|Any CPU.ActiveCfg = Release|Any CPU
		{05DEE383-5CD5-403B-8379-E1090A75558C}.Release|Any CPU.Build.0 = Release|Any CPU
		{05DEE383-5CD5-403B-8379-E1090A75558C}.Release|x64.ActiveCfg = Release|Any CPU
		{05DEE383-5CD5-403B-8379-E1090A75558C}.Release|x64.Build.0 = Release|Any CPU
		{05DEE383-5CD5-403B-8379-E1090A75558C}.Release|x86.ActiveCfg = Release|Any CPU
		{05DEE383-5CD5-403B-8379-E1090A75558C}.Release|x86.Build.0 = Release|Any CPU
		{6FA6CEA9-908A-42BF-AE9C-2A2CD89C2D07}.Debug|Any CPU.ActiveCfg = Debug|Any CPU
		{6FA6CEA9-908A-42BF-AE9C-2A2CD89C2D07}.Debug|Any CPU.Build.0 = Debug|Any CPU
		{6FA6CEA9-908A-42BF-AE9C-2A2CD89C2D07}.Debug|x64.ActiveCfg = Debug|Any CPU
		{6FA6CEA9-908A-42BF-AE9C-2A2CD89C2D07}.Debug|x64.Build.0 = Debug|Any CPU
		{6FA6CEA9-908A-42BF-AE9C-2A2CD89C2D07}.Debug|x86.ActiveCfg = Debug|Any CPU
		{6FA6CEA9-908A-42BF-AE9C-2A2CD89C2D07}.Debug|x86.Build.0 = Debug|Any CPU
		{6FA6CEA9-908A-42BF-AE9C-2A2CD89C2D07}.Release|Any CPU.ActiveCfg = Release|Any CPU
		{6FA6CEA9-908A-42BF-AE9C-2A2CD89C2D07}.Release|Any CPU.Build.0 = Release|Any CPU
		{6FA6CEA9-908A-42BF-AE9C-2A2CD89C2D07}.Release|x64.ActiveCfg = Release|Any CPU
		{6FA6CEA9-908A-42BF-AE9C-2A2CD89C2D07}.Release|x64.Build.0 = Release|Any CPU
		{6FA6CEA9-908A-42BF-AE9C-2A2CD89C2D07}.Release|x86.ActiveCfg = Release|Any CPU
		{6FA6CEA9-908A-42BF-AE9C-2A2CD89C2D07}.Release|x86.Build.0 = Release|Any CPU
	EndGlobalSection
	GlobalSection(NestedProjects) = preSolution
		{6FA6CEA9-908A-42BF-AE9C-2A2CD89C2D07} = {E70D5227-C69C-4DCA-AA29-581B91B4E943}
	EndGlobalSection
EndGlobal
